github.com/Velocidex/json v0.0.0-20220224052537-92f3c0326e5a h1:AeXPUzhU0yhID/v5JJEIkjaE85ASe+Vh4Kuv1RSLL+4=
github.com/Velocidex/json v0.0.0-20220224052537-92f3c0326e5a/go.mod h1:ukJBuruT9b24pdgZwWDvOaCYHeS03B7oQPCUWh25bwM=
github.com/Velocidex/ordereddict v0.0.0-20230909174157-2aa49cc5d11d h1:fn372EqKyazBxYUP5HPpBi3jId4MXuppEypEALGfvEk=
github.com/Velocidex/ordereddict v0.0.0-20230909174157-2aa49cc5d11d/go.mod h1:+MqO5UMBemyFSm+yRXslbpFTwPUDhFHUf7HPV92twg4=
github.com/Velocidex/yaml/v2 v2.2.8 h1:GUrSy4SBJ6RjGt43k6MeBKtw2z/27gh4A3hfFmFY3No=
github.com/Velocidex/yaml/v2 v2.2.8/go.mod h1:PlXIg/Pxmoja48C1vMHo7C5pauAZvLq/UEPOQ3DsjS4=
github.com/anyascii/go v0.3.2 h1:87uFISteh7vwofK02srrPKtAvG6Wx7ozRjNh8uhfa7w=
github.com/anyascii/go v0.3.2/go.mod h1:HDvbMmSpqJyIe+xtSkHmAYTjc8PzvO3l1Jmgx/IFUPs=
github.com/bobesa/go-domain-util v0.0.0-20190911083921-4033b5f7dd89 h1:2pkAuIM8OF1fy4ToFpMnI4oE+VeUNRbGrpSLKshK0oQ=
github.com/bobesa/go-domain-util v0.0.0-20190911083921-4033b5f7dd89/go.mod h1:/09nEjna1UMoasyyQDhOrIn8hi2v2kiJglPWed1idck=
github.com/browserutils/kooky v0.2.1-0.20240119192416-d4f81abd0200 h1:GDuK/WZUQhqvOQpZvK74iE+YdwfUVppCaLohrq6k90M=
github.com/browserutils/kooky v0.2.1-0.20240119192416-d4f81abd0200/go.mod h1:lCmEKO6kWHgukZblrl7p2Po8R6VWLcX6N5pKAb3Ar9M=
github.com/davecgh/go-spew v1.1.1 h1:vj9j/u1bqnvCEfJOwUhtlOARqs3+rkHYY13jYWTU97c=
github.com/davecgh/go-spew v1.1.1/go.mod h1:J7Y8YcW2NihsgmVo/mv3lAwl/skON4iLHjSsI+c5H38=
github.com/go-ini/ini v1.67.0 h1:z6ZrTEZqSWOTyH2FlglNbNgARyHG8oLW9gMELqKr06A=
github.com/go-ini/ini v1.67.0/go.mod h1:ByCAeIL28uOIIG0E3PJtZPDL8WnHpFKFOtgjp+3Ies8=
github.com/go-sqlite/sqlite3 v0.0.0-20180313105335-53dd8e640ee7 h1:ow5vK9Q/DSKkxbEIJHBST6g+buBDwdaDIyk1dGGwpQo=
github.com/go-sqlite/sqlite3 v0.0.0-20180313105335-53dd8e640ee7/go.mod h1:JxSQ+SvsjFb+p8Y+bn+GhTkiMfKVGBD0fq43ms2xw04=
github.com/go-test/deep v1.1.0 h1:WOcxcdHcvdgThNXjw0t76K42FXTU7HpNQWHpA2HHNlg=
github.com/go-test/deep v1.1.0/go.mod h1:5C2ZWiW0ErCdrYzpqxLbTX7MG14M9iiw8DgHncVwcsE=
github.com/godbus/dbus/v5 v5.1.0 h1:4KLkAxT3aOY8Li4FRJe/KvhoNFFxo0m6fNuFUO8QJUk=
github.com/godbus/dbus/v5 v5.1.0/go.mod h1:xhWf0FNVPg57R7Z0UbKHbJfkEywrmjJnf7w5xrFpKfA=
github.com/golang/protobuf v1.5.0/go.mod h1:FsONVRAS9T7sI+LIUmWTfcYkHO4aIWwzhcaSAoJOfIk=
github.com/gonuts/binary v0.2.0 h1:caITwMWAoQWlL0RNvv2lTU/AHqAJlVuu6nZmNgfbKW4=
github.com/gonuts/binary v0.2.0/go.mod h1:kM+CtBrCGDSKdv8WXTuCUsw+loiy8f/QEI8YCCC0M/E=
github.com/google/go-cmp v0.5.5 h1:Khx7svrCpmxxtHBq5j2mp/xVjsi8hQMfNLvJFAlrGgU=
github.com/google/go-cmp v0.5.5/go.mod h1:v8dTdLbMG2kIc/vJvl+f65V22dbkXbowE6jgT/gNBxE=
github.com/hashicorp/go-cleanhttp v0.5.2 h1:035FKYIWjmULyFRBKPs8TBQoi0x6d9G4xc9neXJWAZQ=
github.com/hashicorp/go-cleanhttp v0.5.2/go.mod h1:kO/YDlP8L1346E6Sodw+PrpBSV4/SoxCXGY6BqNFT48=
github.com/hashicorp/go-hclog v0.9.2 h1:CG6TE5H9/JXsFWJCfoIVpKFIkFe6ysEuHirp4DxCsHI=
github.com/hashicorp/go-hclog v0.9.2/go.mod h1:5CU+agLiy3J7N7QjHK5d05KxGsuXiQLrjA0H7acj2lQ=
github.com/hashicorp/go-retryablehttp v0.7.4 h1:ZQgVdpTdAL7WpMIwLzCfbalOcSUdkDZnpUv3/+BxzFA=
github.com/hashicorp/go-retryablehttp v0.7.4/go.mod h1:Jy/gPYAdjqffZ/yFGCFV2doI5wjtH1ewM9u8iYVjtX8=
github.com/keybase/go-keychain v0.0.0-20230523030712-b5615109f100 h1:rG3VnJUnAWyiv7qYmmdOdSapzz6HM+zb9/uRFr0T5EM=
github.com/keybase/go-keychain v0.0.0-20230523030712-b5615109f100/go.mod h1:qDHUvIjGZJUtdPtuP4WMu5/U4aVWbFw1MhlkJqCGmCQ=
github.com/krisukox/google-flights-api v0.0.0-20240601103123-d8fbf0e941cd h1:lfypuQ32mY6MITI4WAv7x4j85ZKMAtoBbX6oJTwlBjA=
github.com/krisukox/google-flights-api v0.0.0-20240601103123-d8fbf0e941cd/go.mod h1:iKoZ56mj06Pz24hSVEIYiSIRf2j2Oc0vXWaiUP7+qBM=
github.com/pkg/errors v0.9.1 h1:FEBLx1zS214owpjy7qsBeixbURkuhQAwrK5UwLGTwt4=
github.com/pkg/errors v0.9.1/go.mod h1:bwawxfHBFNV+L2hUp1rHADufV3IMtnDRdf1r5NINEl0=
github.com/pmezard/go-difflib v1.0.0/go.mod h1:iKH77koFhYxTK1pcRnkKkqfTogsbg7gZNVY4sRDYZ/4=
github.com/serpapi/google-search-results-golang v0.0.0-20240325113416-ec93f510648e h1:pBW1bjkGQGBdbT7a4IKq4W3H2apMQ7qvf+E/Ng5/0DY=
github.com/serpapi/google-search-results-golang v0.0.0-20240325113416-ec93f510648e/go.mod h1:B4KcaaGbSpn3vq3FxSCsEJrBirStags89KTusB2of58=
github.com/stretchr/testify v1.2.2/go.mod h1:a8OnRcib4nhh0OaRAV+Yts87kKdq0PP7pXfy6kDkUVs=
github.com/zalando/go-keyring v0.2.3 h1:v9CUu9phlABObO4LPWycf+zwMG7nlbb3t/B5wa97yms=
github.com/zalando/go-keyring v0.2.3/go.mod h1:HL4k+OXQfJUWaMnqyuSOc0drfGPX2b51Du6K+MRgZMk=
golang.org/x/crypto v0.13.0 h1:mvySKfSWJ+UKUii46M40LOvyWfN0s2U+46/jDd0e6Ck=
golang.org/x/crypto v0.13.0/go.mod h1:y6Z2r+Rw4iayiXXAIxJIDAJ1zMW4yaTpebo8fPOliYc=
golang.org/x/net v0.15.0 h1:ugBLEUaxABaB5AJqW9enI0ACdci2RUd4eP51NTBvuJ8=
golang.org/x/net v0.15.0/go.mod h1:idbUs1IY1+zTqbi8yxTbhexhEEk5ur9LInksu6HrEpk=
golang.org/x/sys v0.12.0 h1:CM0HF96J0hcLAwsHPJZjfdNzs0gftsLfgKt57wWHJ0o=
golang.org/x/sys v0.12.0/go.mod h1:oPkhp1MJrh7nUepCBck5+mAzfO9JrbApNNgaTdGDITg=
golang.org/x/text v0.13.0 h1:ablQoSUd0tRdKxZewP80B+BaqeKJuVhuRxj/dkrun3k=
golang.org/x/text v0.13.0/go.mod h1:TvPlkZtksWOMsz7fbANvkp4WM8x/WCo/om8BMLbz+aE=
golang.org/x/xerrors v0.0.0-20191204190536-9bdfabe68543 h1:E7g+9GITq07hpfrRu66IVDexMakfv52eLZ2CXBWiKr4=
golang.org/x/xerrors v0.0.0-20191204190536-9bdfabe68543/go.mod h1:I/5z698sn9Ka8TeJc9MKroUUfqBBauWjQqLJ2OPfmY0=
google.golang.org/protobuf v1.26.0-rc.1/go.mod h1:jlhhOSvTdKEhbULTjvd4ARK9grFBp09yW+WbY/TyQbw=
google.golang.org/protobuf v1.31.0 h1:g0LDEJHgrBl9N9r17Ru3sqWhkIx2NB67okBHPwC7hs8=
google.golang.org/protobuf v1.31.0/go.mod h1:HV8QOd/L58Z+nl8r43ehVNZIU/HEI6OcFqwMG9pJV4I=
gopkg.in/alexcesaro/quotedprintable.v3 v3.0.0-20150716171945-2caba252f4dc h1:2gGKlE2+asNV9m7xrywl36YYNnBG5ZQ0r/BOOxqPpmk=
gopkg.in/alexcesaro/quotedprintable.v3 v3.0.0-20150716171945-2caba252f4dc/go.mod h1:m7x9LTH6d71AHyAX77c9yqWCCa3UKHcVEj9y7hAtKDk=
gopkg.in/mail.v2 v2.3.1 h1:WYFn/oANrAGP2C0dcV6/pbkPzv8yGzqTjPmTeO7qoXk=
gopkg.in/mail.v2 v2.3.1/go.mod h1:htwXN1Qh09vZJ1NVKxQqHPBaCBbzKhp5GzuJEA4VJWw=
www.velocidex.com/golang/go-ese v0.2.0 h1:8/hzEMupfqEF0oMi1/EzsMN1xLN0GBFcB3GqxqRnb9s=
www.velocidex.com/golang/go-ese v0.2.0/go.mod h1:6fC9T6UGLbM7icuA0ugomU5HbFC5XA5I30zlWtZT8YE=
